{
  "projects": [
    {
      "projectId": "seaQhLVS4bbjiGvJJrRwyL",
      "version": "15.0.3",
      "dependencies": {},
      "lang": "ts",
      "fileLocks": [
        {
          "assetId": "seaQhLVS4bbjiGvJJrRwyL",
          "type": "projectCss",
          "checksum": "27db00cb356a331a9fd0f219c2cde5cc"
        }
      ],
      "codegenVersion": "0.0.1"
    },
    {
      "projectId": "poSKmt1KMDoYUF6h3Y78GP",
      "version": "latest",
      "dependencies": {
        "seaQhLVS4bbjiGvJJrRwyL": "15.0.3"
      },
      "lang": "ts",
      "fileLocks": [
        {
          "type": "globalVariant",
          "assetId": "gW35LCmK5FYODz",
          "checksum": "638e76576ad913efde04dd954b60adc6"
        },
        {
          "type": "renderModule",
          "assetId": "CLQCtcSPhDgmH",
          "checksum": "eca19fcfb407f9e26768e890ff08576a"
        },
        {
          "type": "cssRules",
          "assetId": "CLQCtcSPhDgmH",
          "checksum": "eca19fcfb407f9e26768e890ff08576a"
        },
        {
          "type": "renderModule",
          "assetId": "wS2ddgETNt58W",
          "checksum": "e372d186b8895fa664dd4c4d7cac955f"
        },
        {
          "type": "cssRules",
          "assetId": "wS2ddgETNt58W",
          "checksum": "e372d186b8895fa664dd4c4d7cac955f"
        },
        {
          "type": "renderModule",
          "assetId": "d3WHbEehslF7mk",
          "checksum": "d1a135efbc619a8742cec01c1ecfb381"
        },
        {
          "type": "cssRules",
          "assetId": "d3WHbEehslF7mk",
          "checksum": "d1a135efbc619a8742cec01c1ecfb381"
        },
        {
          "type": "renderModule",
          "assetId": "6yeDc8BOoSwsCq",
          "checksum": "4435ee5125b0ed46464ae94dd0509e68"
        },
        {
          "type": "cssRules",
          "assetId": "6yeDc8BOoSwsCq",
          "checksum": "4435ee5125b0ed46464ae94dd0509e68"
        },
        {
          "type": "renderModule",
          "assetId": "I9bSXDVKP-_xia",
          "checksum": "a103ef2432af897dbe9518a3d904c6a7"
        },
        {
          "type": "cssRules",
          "assetId": "I9bSXDVKP-_xia",
          "checksum": "a103ef2432af897dbe9518a3d904c6a7"
        },
        {
          "type": "renderModule",
          "assetId": "DXgycBklpJeLWb",
          "checksum": "84fe424471f706b7b34c4d82878b4197"
        },
        {
          "type": "cssRules",
          "assetId": "DXgycBklpJeLWb",
          "checksum": "84fe424471f706b7b34c4d82878b4197"
        },
        {
          "type": "renderModule",
          "assetId": "zYgNRGyV2nOzdl",
          "checksum": "f8920496679f87a285ed3db879d5ee0d"
        },
        {
          "type": "cssRules",
          "assetId": "zYgNRGyV2nOzdl",
          "checksum": "f8920496679f87a285ed3db879d5ee0d"
        },
        {
          "type": "renderModule",
          "assetId": "3IYrK-BAkdyFM-",
          "checksum": "02f2fdd70ac4dbd107ec5a819ac226ab"
        },
        {
          "type": "cssRules",
          "assetId": "3IYrK-BAkdyFM-",
          "checksum": "02f2fdd70ac4dbd107ec5a819ac226ab"
        },
        {
          "type": "renderModule",
          "assetId": "XtW6OFg7bRL4Bi",
          "checksum": "e0d5543af7941ae91a04f2e0a32c4c7a"
        },
        {
          "type": "cssRules",
          "assetId": "XtW6OFg7bRL4Bi",
          "checksum": "e0d5543af7941ae91a04f2e0a32c4c7a"
        },
        {
          "type": "renderModule",
          "assetId": "RJoD3U13gzPVxR",
          "checksum": "da7f93d641a71b9708870e4abfee8bef"
        },
        {
          "type": "cssRules",
          "assetId": "RJoD3U13gzPVxR",
          "checksum": "da7f93d641a71b9708870e4abfee8bef"
        },
        {
          "type": "renderModule",
          "assetId": "gHHUVS8JC8e0nC",
          "checksum": "3361d8664a91c17986059344188bd42f"
        },
        {
          "type": "cssRules",
          "assetId": "gHHUVS8JC8e0nC",
          "checksum": "3361d8664a91c17986059344188bd42f"
        },
        {
          "type": "renderModule",
          "assetId": "kC2F6N1O7TYTuM",
          "checksum": "b422bed751f6575452ceeb1da66fc67c"
        },
        {
          "type": "cssRules",
          "assetId": "kC2F6N1O7TYTuM",
          "checksum": "b422bed751f6575452ceeb1da66fc67c"
        },
        {
          "type": "renderModule",
          "assetId": "FaWqiAMedvRmIf",
          "checksum": "e067b787e111d1dacbe927ff83d24251"
        },
        {
          "type": "cssRules",
          "assetId": "FaWqiAMedvRmIf",
          "checksum": "e067b787e111d1dacbe927ff83d24251"
        },
        {
          "type": "renderModule",
          "assetId": "Ujl5y4BszvbjIC",
          "checksum": "6d7b3510cf278d60b46858c9d988572c"
        },
        {
          "type": "cssRules",
          "assetId": "Ujl5y4BszvbjIC",
          "checksum": "6d7b3510cf278d60b46858c9d988572c"
        },
        {
          "type": "renderModule",
          "assetId": "hz3fKOWkD_JODa",
          "checksum": "f132f902ac0e00640502004fc78d44a0"
        },
        {
          "type": "cssRules",
          "assetId": "hz3fKOWkD_JODa",
          "checksum": "f132f902ac0e00640502004fc78d44a0"
        },
        {
          "type": "renderModule",
          "assetId": "qPy7G3cEouv854",
          "checksum": "21725935a333103ad625bac00dc5d448"
        },
        {
          "type": "cssRules",
          "assetId": "qPy7G3cEouv854",
          "checksum": "21725935a333103ad625bac00dc5d448"
        },
        {
          "type": "renderModule",
          "assetId": "dUvG-fZ7urLMpv",
          "checksum": "2c5501cd1fd70417129e0d039f701f28"
        },
        {
          "type": "cssRules",
          "assetId": "dUvG-fZ7urLMpv",
          "checksum": "2c5501cd1fd70417129e0d039f701f28"
        },
        {
          "type": "renderModule",
          "assetId": "HagOdd05IW3mVN",
          "checksum": "108e336770fb8aa90cec8603eeff582b"
        },
        {
          "type": "cssRules",
          "assetId": "HagOdd05IW3mVN",
          "checksum": "108e336770fb8aa90cec8603eeff582b"
        },
        {
          "type": "renderModule",
          "assetId": "S1tKN1eDywa13q",
          "checksum": "b9433fa18595dc41b9840cf98e688c95"
        },
        {
          "type": "cssRules",
          "assetId": "S1tKN1eDywa13q",
          "checksum": "b9433fa18595dc41b9840cf98e688c95"
        },
        {
          "type": "renderModule",
          "assetId": "5VQg_KfaOv11TI",
          "checksum": "0efc73a7bd4ae6b481d221c38d960b0d"
        },
        {
          "type": "cssRules",
          "assetId": "5VQg_KfaOv11TI",
          "checksum": "0efc73a7bd4ae6b481d221c38d960b0d"
        },
        {
          "type": "renderModule",
          "assetId": "iDHH7o37f0",
          "checksum": "e31993cf455b704d637632dad7b05035"
        },
        {
          "type": "cssRules",
          "assetId": "iDHH7o37f0",
          "checksum": "e31993cf455b704d637632dad7b05035"
        },
        {
          "type": "icon",
          "assetId": "YNatrqfDuB56FV",
          "checksum": "eb7785b4ab2ad422b72ad9d4dc6eccbb"
        },
        {
          "type": "icon",
          "assetId": "Q9BcDsVdbe2-XO",
          "checksum": "1bcd9100f3036bf13a22ab884c2f0797"
        },
        {
          "type": "icon",
          "assetId": "-XMpoBt_8zALJy",
          "checksum": "71ddf752ac113abbf3a3ae3964c98246"
        },
        {
          "type": "icon",
          "assetId": "MTa9PrL2IcYUe1",
          "checksum": "9a939ab292aa37fbb6364519a0b19f34"
        },
        {
          "type": "icon",
          "assetId": "0PlppIxS8pstM8",
          "checksum": "815ee9554f0913d5df0d52280bfc4505"
        },
        {
          "type": "icon",
          "assetId": "yWX-ZtDkJP_lt7",
          "checksum": "8aa2c8d4a3b1bea75b1c7ae3a5157593"
        },
        {
          "type": "icon",
          "assetId": "prKmFXl2VUPKyi",
          "checksum": "5d6779659faa99dc9e5e7c120f67781e"
        },
        {
          "type": "icon",
          "assetId": "746BzrlkW9VE4t",
          "checksum": "ae779b90c4af3d793537592ef747e1be"
        },
        {
          "type": "icon",
          "assetId": "bk0mrEWqDWJhr2",
          "checksum": "eddf0bab0f7b96fb50bface3edf9678d"
        },
        {
          "type": "icon",
          "assetId": "wgkC1EjZWYA64A",
          "checksum": "b09083ee149daccc02cc946196cb5962"
        },
        {
          "type": "icon",
          "assetId": "NioqYkW7bwIWg8",
          "checksum": "5736754a0cdf49659d761e729cd36988"
        },
        {
          "type": "icon",
          "assetId": "o2tfco2a-r7V5C",
          "checksum": "cfa9817ddca593440c2b30b21a14cfc6"
        },
        {
          "type": "icon",
          "assetId": "kSLvqA7p5fYPgA",
          "checksum": "fabed95a52760d23151c11171b5994e1"
        },
        {
          "type": "icon",
          "assetId": "Oj1Vms6kuf3e6x",
          "checksum": "6a1e9e8fe6a57b4607389e8185f9662f"
        },
        {
          "type": "icon",
          "assetId": "U5xOQ4LCcQ0qSj",
          "checksum": "aa9f369ad737851f6703f29203edfb10"
        },
        {
          "type": "icon",
          "assetId": "EzJBJEGXuf3HeO",
          "checksum": "1012409b13d61f9fa34b87fe6c2be64c"
        },
        {
          "type": "icon",
          "assetId": "VP6xV8qI_SCHDN",
          "checksum": "8d97e3d6ec2481a03f514831711a6364"
        },
        {
          "type": "icon",
          "assetId": "CXbqs2YSSg-hSz",
          "checksum": "7e5dd2043883e81a735e0220017a9d5e"
        },
        {
          "type": "icon",
          "assetId": "_Lzag9I0QwGeoY",
          "checksum": "1b8065cba2ccd793cd55a289bd26bc12"
        },
        {
          "type": "icon",
          "assetId": "PBYxdjRw4Gq0L2",
          "checksum": "a718c6785324f9b75de9168b75a8ac3f"
        },
        {
          "type": "icon",
          "assetId": "0meV-jpaRXVkA-",
          "checksum": "febbb4596b05f671a9795c930a4ddbcb"
        },
        {
          "type": "icon",
          "assetId": "um22obSw4xOfIe",
          "checksum": "1557c9becb4d2e2e2161be4ab3306bd5"
        },
        {
          "type": "icon",
          "assetId": "-xYff7-eV79M4G",
          "checksum": "288166735a44ced49b3bd2063a16c1b0"
        },
        {
          "type": "icon",
          "assetId": "duX9dxR5_6mt81",
          "checksum": "f482ab054ef4a192ce806b7446467e74"
        },
        {
          "type": "icon",
          "assetId": "gvgoFtwQguIARd",
          "checksum": "b21e33986e7920e6c23dccdd7f46d4c4"
        },
        {
          "type": "icon",
          "assetId": "VR1LMzhnpQ1BTW",
          "checksum": "6c2d03321650b987e71494bded735aa8"
        },
        {
          "type": "icon",
          "assetId": "q4el-sBR3sln1M",
          "checksum": "6f83faa65a7c89ca4f67695095925930"
        },
        {
          "type": "icon",
          "assetId": "5vdIMDqkJMyTrx",
          "checksum": "f9cacfc35ef548badeca3dadda42b341"
        },
        {
          "type": "icon",
          "assetId": "BVNHXdbr1SzKgq",
          "checksum": "b86d0078647340a480237e62cafa1d83"
        },
        {
          "type": "icon",
          "assetId": "QiUB2iFrqDBwwz",
          "checksum": "5f3725ae45ed283b6b7692cf3f2e2054"
        },
        {
          "type": "icon",
          "assetId": "Xir3yn2VH_uHRD",
          "checksum": "a5e7c78c9346aaf0d2ab265dc8df97b1"
        },
        {
          "type": "image",
          "assetId": "FRCrAgZQlvMsWU",
          "checksum": "95d8dfe735c1e977f551970d1a994701"
        },
        {
          "type": "image",
          "assetId": "NARNKE4_I0KD_H",
          "checksum": "4ae8830327404a61bde1c94903021862"
        },
        {
          "type": "image",
          "assetId": "zLZHFken3etDtf",
          "checksum": "3f9c527a4031220645ea4bea1515e6b7"
        },
        {
          "type": "image",
          "assetId": "1jEXpQ77xoIuTh",
          "checksum": "e43e4917cb29d2fb5618659b44e79a51"
        },
        {
          "type": "image",
          "assetId": "Ji0l_z159-3W10",
          "checksum": "2eca6fe3c0ae819e5614dc1e3d8ac9ae"
        },
        {
          "type": "image",
          "assetId": "r9mIrqDLMzq_oq",
          "checksum": "549f0be39f52527f21d85606ec92b30d"
        },
        {
          "type": "image",
          "assetId": "ElV8nLvtMMEbJk",
          "checksum": "75917ac95e4b77f6794269521fb9dd93"
        },
        {
          "type": "image",
          "assetId": "CIXwhWWe0bHWc5",
          "checksum": "3c895c52127fe56b5a05c88772b66cce"
        },
        {
          "type": "image",
          "assetId": "c-6epQZQg4ZOkm",
          "checksum": "791ad6fd5bbc9ee70d322bc8fd7c34ad"
        },
        {
          "type": "image",
          "assetId": "8160giZTF60vRV",
          "checksum": "4253e78409b1a23bde9911d0d7972e30"
        },
        {
          "type": "image",
          "assetId": "hWMyZLVdy36Uxv",
          "checksum": "f15423e3162b14f5af150fc73061b6e7"
        },
        {
          "type": "image",
          "assetId": "CyKTK6oS2HjTFN",
          "checksum": "925ff152457e52ff586f56906d3564e0"
        },
        {
          "type": "image",
          "assetId": "MJjaldZdX2J0Ba",
          "checksum": "2b8b6df45daaea5cde38f3231108e0bd"
        },
        {
          "type": "image",
          "assetId": "GfGsvIYnQp45vp",
          "checksum": "49a0d0f477e48d9ad00a3a95ca65e243"
        },
        {
          "type": "image",
          "assetId": "l7Hbf6AbQsSvUb",
          "checksum": "451660d2f857a3715affd86f341a914e"
        },
        {
          "type": "image",
          "assetId": "XNEaNpjWA6vQ4n",
          "checksum": "ea576111db7b80845ba6403a804ce2a1"
        },
        {
          "type": "image",
          "assetId": "6ddTCr-GgipX4t",
          "checksum": "61fcebe51fee25eb9d61bfc9def1b41f"
        },
        {
          "type": "image",
          "assetId": "hDm7tIuk1VtSun",
          "checksum": "f1d2b21f2997af60c5d9e133bde13c76"
        },
        {
          "type": "image",
          "assetId": "5zvNVtxL9FnQyp",
          "checksum": "cae978e3a9c1e378f67434169c1b41f7"
        },
        {
          "type": "image",
          "assetId": "HVzBxB7o7c1EqM",
          "checksum": "fc053911164596f1fcdac4e1746bf0c1"
        },
        {
          "type": "image",
          "assetId": "unn4BCvMAyr28G",
          "checksum": "1cf511110fd0321a4d5989da0336058a"
        },
        {
          "type": "image",
          "assetId": "OFKAXn8odtXnWb",
          "checksum": "a8c01a2799253e3ffcf17bec60d6be2a"
        },
        {
          "type": "image",
          "assetId": "HVt_WVnXCf2vFr",
          "checksum": "eff88a07c1fb734ea30c0dc8ccb47387"
        },
        {
          "type": "image",
          "assetId": "IPCP6J_es0PODZ",
          "checksum": "ebbb265afb5832b163c0a9a06e23247e"
        },
        {
          "type": "image",
          "assetId": "OznqTaW-ddivFY",
          "checksum": "ea93c3210f7085de22b99f76f8325dab"
        },
        {
          "type": "image",
          "assetId": "oJWFfndpO_YEwf",
          "checksum": "9566069349544e14ae6c18c591bccd69"
        },
        {
          "type": "image",
          "assetId": "WtM-6JCSKAxYfm",
          "checksum": "f60ca358bf1c44998d35e3130e0b68ab"
        },
        {
          "type": "image",
          "assetId": "JqdK-rQlpb_ZEj",
          "checksum": "082c84aff4040239c3f7f30bc45021ef"
        },
        {
          "type": "image",
          "assetId": "sFpEF5waPilsy6",
          "checksum": "b71806fc0ccc9e4efb578c82038b66ac"
        },
        {
          "type": "image",
          "assetId": "Oj5FljDOxLgsNC",
          "checksum": "b38841685bab6ba91183780c62ff13d4"
        },
        {
          "type": "image",
          "assetId": "dCWmzzZg7Jm1MA",
          "checksum": "98a2c1733e4b4cdfb2174d4b27f0b2d3"
        },
        {
          "type": "image",
          "assetId": "K9b4OE5CUewWZ9",
          "checksum": "5804f7f07e00f2f34395e470e804fdd8"
        },
        {
          "type": "image",
          "assetId": "SBkLuiwh-6wxZe",
          "checksum": "a594374867aa60f818b9b417befccfee"
        },
        {
          "type": "image",
          "assetId": "0rIP8Ze7g5rRN1",
          "checksum": "dea9e8ee331c46272214215f01febea1"
        },
        {
          "type": "image",
          "assetId": "Hp3Z_V4gp2UTKX",
          "checksum": "bbfecf18ccea5ae7152a7b9515974e3e"
        },
        {
          "type": "image",
          "assetId": "DluLXUpZ-JD9j3",
          "checksum": "de4110155daccb636bc0f8775e7c8283"
        },
        {
          "type": "image",
          "assetId": "9mEghLDIFX0LRI",
          "checksum": "4e38ff6137f46a88e6afefb4fb1f2a99"
        },
        {
          "type": "image",
          "assetId": "YzDTlPq_t6nACz",
          "checksum": "263308482a2e4d637428428d4b532639"
        },
        {
          "type": "image",
          "assetId": "wscOmZag_54YGK",
          "checksum": "51d6d92cadaaf2376b1e048c95d5754c"
        },
        {
          "type": "image",
          "assetId": "t9RZ-1ziHHGDik",
          "checksum": "d563636ab65ca7f90ab76f32e07f6e06"
        },
        {
          "type": "image",
          "assetId": "BapkT_oSZUsALN",
          "checksum": "ea1637fa1d3b100c13331e6a7fc9c349"
        },
        {
          "type": "image",
          "assetId": "Y5X95tDvn16wtz",
          "checksum": "d4dc1b21e70e9f1ac5fc953cdccb0bd9"
        },
        {
          "type": "image",
          "assetId": "GHCna01pikt27v",
          "checksum": "7ac5ca354f0e0a8d8fc4f2e6c1286642"
        },
        {
          "type": "image",
          "assetId": "YiWvMu6GJIxaZu",
          "checksum": "b74dacf2051caa2f9681b6598ebbdeda"
        },
        {
          "type": "image",
          "assetId": "SeXEy1AwzRLS23",
          "checksum": "855fde76cc937226ea4cde5913854e1d"
        },
        {
          "type": "image",
          "assetId": "1FKgifHZnE3x-C",
          "checksum": "d052ac39a575622a5e94ae3caefc7205"
        },
        {
          "type": "image",
          "assetId": "sLwZ7MBgKpETHV",
          "checksum": "083561e762e067d3da48fbf7fa17e964"
        },
        {
          "type": "image",
          "assetId": "CVjT-clWoYRj2w",
          "checksum": "f8df44de51bb325320d88709187bf21c"
        },
        {
          "type": "image",
          "assetId": "PLS-ICI1hK6rs7",
          "checksum": "be0007585e1cd1b3746752f79e6fbf7b"
        },
        {
          "type": "image",
          "assetId": "SuJhTxjcpD97GR",
          "checksum": "2e802390c838612f7d73810073aea612"
        },
        {
          "type": "image",
          "assetId": "zBwfWLCue0zM4k",
          "checksum": "dfa4c127bd8d6c7c97c7b5149ac1d025"
        },
        {
          "type": "image",
          "assetId": "4KakpQHIayNVky",
          "checksum": "0839463cca0d4dca8f07dd296bd9b03b"
        },
        {
          "type": "image",
          "assetId": "SF4R5m98mSHYnh",
          "checksum": "a10f3ff4318e081f54877fd12a36a7f1"
        },
        {
          "type": "image",
          "assetId": "tkndCUXGFa0wO0",
          "checksum": "0158aff184b130c4fbc69aaf82a0b78b"
        },
        {
          "type": "image",
          "assetId": "VOHv6UKZOOV3-i",
          "checksum": "8d34de75421d5976e7ff5e7e2dfbcb51"
        },
        {
          "type": "image",
          "assetId": "EkxQnS80h-VMfQ",
          "checksum": "a4a21bd8a11b3721ddc754d837b26903"
        },
        {
          "type": "image",
          "assetId": "m99EeaMM7",
          "checksum": "3a436db77a2790bdb32b85dbdef4e6ba"
        },
        {
          "type": "image",
          "assetId": "IXnqJEYnn",
          "checksum": "56b2652878961236d58c91da08f1b04f"
        },
        {
          "type": "image",
          "assetId": "eAJQZq0cA",
          "checksum": "ba6e85d6d8dd10aedbefd72ba637306f"
        },
        {
          "type": "image",
          "assetId": "2L3teBNax",
          "checksum": "7cb0067bb683f023ae081ccfb53031e7"
        },
        {
          "type": "image",
          "assetId": "ZHOZBQTJ9",
          "checksum": "362bba61cced343504fa828f0204e176"
        },
        {
          "type": "image",
          "assetId": "FGOp2KTqb",
          "checksum": "1f501629d67861c538cf85fd4d470b0d"
        },
        {
          "type": "image",
          "assetId": "1Kzx-uxE9",
          "checksum": "60ed21dfd44c8cf2f4a2ec6a833d3bbd"
        },
        {
          "type": "image",
          "assetId": "rYl0Qrk-o",
          "checksum": "37e5ce3123b66e4f4997564fcd4b5ab2"
        },
        {
          "type": "image",
          "assetId": "AAITJ7-J6",
          "checksum": "abcad56c355a3172ab2be55a8fc42dee"
        },
        {
          "type": "image",
          "assetId": "GpDqcvMYw",
          "checksum": "5aa5b5284fdc5b6a6cea3ec720fcc50d"
        },
        {
          "type": "image",
          "assetId": "_7mxr-nwl",
          "checksum": "56a9fb51c70147c8fff596b24ef4c78d"
        },
        {
          "type": "image",
          "assetId": "S29ybr8ni",
          "checksum": "57747a619d36049201ca244ff639242e"
        },
        {
          "type": "image",
          "assetId": "UwCBLXZh_",
          "checksum": "7de63e5e254b4aef9c36b82570268dd7"
        },
        {
          "type": "image",
          "assetId": "eT6CZJx2v",
          "checksum": "14a21179cdd18e1878475df1d0d97a2e"
        },
        {
          "type": "image",
          "assetId": "Bgs5MOr5e",
          "checksum": "9629601b9e6e3f9cd5875add1b067aca"
        },
        {
          "type": "image",
          "assetId": "45GOB19rq",
          "checksum": "880a56c38a62f4a663c480c24b38556b"
        },
        {
          "type": "image",
          "assetId": "U-wtWdbqw",
          "checksum": "dabb98f9b0b83aa43de1d6543883af30"
        },
        {
          "type": "image",
          "assetId": "1QFQYDkR4",
          "checksum": "7c0974174fff896f81c7d07b985ab7fa"
        },
        {
          "type": "image",
          "assetId": "PKImJjd9q",
          "checksum": "1ce57409b83d0b89bd8ce0cbd4da034a"
        },
        {
          "type": "renderModule",
          "assetId": "dFSgMpt5T8",
          "checksum": "377f2469b3fbb5536f2408ea8adc97d7"
        },
        {
          "type": "cssRules",
          "assetId": "dFSgMpt5T8",
          "checksum": "377f2469b3fbb5536f2408ea8adc97d7"
        },
        {
          "assetId": "poSKmt1KMDoYUF6h3Y78GP",
          "type": "projectCss",
          "checksum": "e971c1580545e60d158db92dc983ceb8"
        }
      ],
      "codegenVersion": "0.0.1"
    }
  ],
  "cliVersion": "0.1.289"
}
